// !$*UTF8*$!
{
	archiveVersion = 1;
	classes = {
	};
	objectVersion = 46;
	objects = {

/* Begin PBXBuildFile section */
		43690BD014F1DB2C000BB36D /* UIKit.framework in Frameworks */ = {isa = PBXBuildFile; fileRef = 43690BCF14F1DB2C000BB36D /* UIKit.framework */; };
		43690BD214F1DB2C000BB36D /* Foundation.framework in Frameworks */ = {isa = PBXBuildFile; fileRef = 43690BD114F1DB2C000BB36D /* Foundation.framework */; };
		43690BD414F1DB2C000BB36D /* CoreGraphics.framework in Frameworks */ = {isa = PBXBuildFile; fileRef = 43690BD314F1DB2C000BB36D /* CoreGraphics.framework */; };
		43690BDA14F1DB2C000BB36D /* InfoPlist.strings in Resources */ = {isa = PBXBuildFile; fileRef = 43690BD814F1DB2C000BB36D /* InfoPlist.strings */; };
		43690BDC14F1DB2C000BB36D /* main.m in Sources */ = {isa = PBXBuildFile; fileRef = 43690BDB14F1DB2C000BB36D /* main.m */; };
		43690BE014F1DB2C000BB36D /* SBAppDelegate.m in Sources */ = {isa = PBXBuildFile; fileRef = 43690BDF14F1DB2C000BB36D /* SBAppDelegate.m */; };
/* End PBXBuildFile section */

/* Begin PBXFileReference section */
		43690BCB14F1DB2C000BB36D /* TestingARC.app */ = {isa = PBXFileReference; explicitFileType = wrapper.application; includeInIndex = 0; path = TestingARC.app; sourceTree = BUILT_PRODUCTS_DIR; };
		43690BCF14F1DB2C000BB36D /* UIKit.framework */ = {isa = PBXFileReference; lastKnownFileType = wrapper.framework; name = UIKit.framework; path = System/Library/Frameworks/UIKit.framework; sourceTree = SDKROOT; };
		43690BD114F1DB2C000BB36D /* Foundation.framework */ = {isa = PBXFileReference; lastKnownFileType = wrapper.framework; name = Foundation.framework; path = System/Library/Frameworks/Foundation.framework; sourceTree = SDKROOT; };
		43690BD314F1DB2C000BB36D /* CoreGraphics.framework */ = {isa = PBXFileReference; lastKnownFileType = wrapper.framework; name = CoreGraphics.framework; path = System/Library/Frameworks/CoreGraphics.framework; sourceTree = SDKROOT; };
		43690BD714F1DB2C000BB36D /* TestingARC-Info.plist */ = {isa = PBXFileReference; path = "TestingARC-Info.plist"; sourceTree = "<group>"; };
		43690BD914F1DB2C000BB36D /* en */ = {isa = PBXFileReference; lastKnownFileType = text.plist.strings; name = en; path = en.lproj/InfoPlist.strings; sourceTree = "<group>"; };
		43690BDB14F1DB2C000BB36D /* main.m */ = {isa = PBXFileReference; lastKnownFileType = sourcecode.c.objc; path = main.m; sourceTree = "<group>"; };
		43690BDD14F1DB2C000BB36D /* TestingARC-Prefix.pch */ = {isa = PBXFileReference; path = "TestingARC-Prefix.pch"; sourceTree = "<group>"; };
		43690BDE14F1DB2C000BB36D /* SBAppDelegate.h */ = {isa = PBXFileReference; path = SBAppDelegate.h; sourceTree = "<group>"; };
		43690BDF14F1DB2C000BB36D /* SBAppDelegate.m */ = {isa = PBXFileReference; lastKnownFileType = sourcecode.c.objc; path = SBAppDelegate.m; sourceTree = "<group>"; };
/* End PBXFileReference section */

/* Begin PBXFrameworksBuildPhase section */
		43690BC814F1DB2C000BB36D /* Frameworks */ = {
			isa = PBXFrameworksBuildPhase;
			buildActionMask = 2147483647;
			files = (
				43690BD014F1DB2C000BB36D /* UIKit.framework in Frameworks */,
				43690BD214F1DB2C000BB36D /* Foundation.framework in Frameworks */,
				43690BD414F1DB2C000BB36D /* CoreGraphics.framework in Frameworks */,
			);
			runOnlyForDeploymentPostprocessing = 0;
		};
/* End PBXFrameworksBuildPhase section */

/* Begin PBXGroup section */
		43690BC014F1DB2B000BB36D = {
			isa = PBXGroup;
			children = (
				43690BD514F1DB2C000BB36D /* TestingARC */,
				43690BCE14F1DB2C000BB36D /* Frameworks */,
				43690BCC14F1DB2C000BB36D /* Products */,
			);
			sourceTree = "<group>";
		};
		43690BCC14F1DB2C000BB36D /* Products */ = {
			isa = PBXGroup;
			children = (
				43690BCB14F1DB2C000BB36D /* TestingARC.app */,
			);
			name = Products;
			sourceTree = "<group>";
		};
		43690BCE14F1DB2C000BB36D /* Frameworks */ = {
			isa = PBXGroup;
			children = (
				43690BCF14F1DB2C000BB36D /* UIKit.framework */,
				43690BD114F1DB2C000BB36D /* Foundation.framework */,
				43690BD314F1DB2C000BB36D /* CoreGraphics.framework */,
			);
			name = Frameworks;
			sourceTree = "<group>";
		};
		43690BD514F1DB2C000BB36D /* TestingARC */ = {
			isa = PBXGroup;
			children = (
				43690BDE14F1DB2C000BB36D /* SBAppDelegate.h */,
				43690BDF14F1DB2C000BB36D /* SBAppDelegate.m */,
				43690BD614F1DB2C000BB36D /* Supporting Files */,
			);
			path = TestingARC;
			sourceTree = "<group>";
		};
		43690BD614F1DB2C000BB36D /* Supporting Files */ = {
			isa = PBXGroup;
			children = (
				43690BD714F1DB2C000BB36D /* TestingARC-Info.plist */,
				43690BD814F1DB2C000BB36D /* InfoPlist.strings */,
				43690BDB14F1DB2C000BB36D /* main.m */,
				43690BDD14F1DB2C000BB36D /* TestingARC-Prefix.pch */,
			);
			name = "Supporting Files";
			sourceTree = "<group>";
		};
/* End PBXGroup section */

/* Begin PBXNativeTarget section */
		43690BCA14F1DB2C000BB36D /* TestingARC */ = {
			isa = PBXNativeTarget;
			buildConfigurationList = 43690BE314F1DB2C000BB36D /* Build configuration list for PBXNativeTarget "TestingARC" */;
			buildPhases = (
				43690BC714F1DB2C000BB36D /* Sources */,
				43690BC814F1DB2C000BB36D /* Frameworks */,
				43690BC914F1DB2C000BB36D /* Resources */,
			);
			buildRules = (
			);
			dependencies = (
			);
			name = TestingARC;
			productName = TestingARC;
			productReference = 43690BCB14F1DB2C000BB36D /* TestingARC.app */;
			productType = "com.apple.product-type.application";
		};
/* End PBXNativeTarget section */

/* Begin PBXProject section */
		43690BC214F1DB2B000BB36D /* Project object */ = {
			isa = PBXProject;
			attributes = {
				CLASSPREFIX = SB;
				LastUpgradeCheck = 0430;
				ORGANIZATIONNAME = "SerendipityNZ Ltd";
			};
			buildConfigurationList = 43690BC514F1DB2B000BB36D /* Build configuration list for PBXProject "TestingARC" */;
			compatibilityVersion = "Xcode 3.2";
			developmentRegion = English;
			hasScannedForEncodings = 0;
			knownRegions = (
				en,
			);
			mainGroup = 43690BC014F1DB2B000BB36D;
			productRefGroup = 43690BCC14F1DB2C000BB36D /* Products */;
			projectDirPath = "";
			projectRoot = "";
			targets = (
				43690BCA14F1DB2C000BB36D /* TestingARC */,
			);
		};
/* End PBXProject section */

/* Begin PBXResourcesBuildPhase section */
		43690BC914F1DB2C000BB36D /* Resources */ = {
			isa = PBXResourcesBuildPhase;
			buildActionMask = 2147483647;
			files = (
				43690BDA14F1DB2C000BB36D /* InfoPlist.strings in Resources */,
			);
			runOnlyForDeploymentPostprocessing = 0;
		};
/* End PBXResourcesBuildPhase section */

/* Begin PBXSourcesBuildPhase section */
		43690BC714F1DB2C000BB36D /* Sources */ = {
			isa = PBXSourcesBuildPhase;
			buildActionMask = 2147483647;
			files = (
				43690BDC14F1DB2C000BB36D /* main.m in Sources */,
				43690BE014F1DB2C000BB36D /* SBAppDelegate.m in Sources */,
			);
			runOnlyForDeploymentPostprocessing = 0;
		};
/* End PBXSourcesBuildPhase section */

/* Begin PBXVariantGroup section */
		43690BD814F1DB2C000BB36D /* InfoPlist.strings */ = {
			isa = PBXVariantGroup;
			children = (
				43690BD914F1DB2C000BB36D /* en */,
			);
			name = InfoPlist.strings;
			sourceTree = "<group>";
		};
/* End PBXVariantGroup section */

/* Begin XCBuildConfiguration section */
		43690BE114F1DB2C000BB36D /* Debug */ = {
			isa = XCBuildConfiguration;
			buildSettings = {
				ALWAYS_SEARCH_USER_PATHS = NO;
				ARCHS = "$(ARCHS_STANDARD_32_BIT)";
				CLANG_ENABLE_OBJC_ARC = YES;
				"CODE_SIGN_IDENTITY[sdk=iphoneos*]" = "iPhone Developer";
				COPY_PHASE_STRIP = NO;
				GCC_C_LANGUAGE_STANDARD = gnu99;
				GCC_DYNAMIC_NO_PIC = NO;
				GCC_OPTIMIZATION_LEVEL = 0;
				GCC_PREPROCESSOR_DEFINITIONS = (
					"DEBUG=1",
					"$(inherited)",
				);
				GCC_SYMBOLS_PRIVATE_EXTERN = NO;
				GCC_VERSION = com.apple.compilers.llvm.clang.1_0;
				GCC_WARN_ABOUT_RETURN_TYPE = YES;
				GCC_WARN_UNINITIALIZED_AUTOS = YES;
				GCC_WARN_UNUSED_VARIABLE = YES;
				IPHONEOS_DEPLOYMENT_TARGET = 5.0;
				SDKROOT = iphoneos;
			};
			name = Debug;
		};
		43690BE214F1DB2C000BB36D /* Release */ = {
			isa = XCBuildConfiguration;
			buildSettings = {
				ALWAYS_SEARCH_USER_PATHS = NO;
				ARCHS = "$(ARCHS_STANDARD_32_BIT)";
				CLANG_ENABLE_OBJC_ARC = YES;
				"CODE_SIGN_IDENTITY[sdk=iphoneos*]" = "iPhone Developer";
				COPY_PHASE_STRIP = YES;
				GCC_C_LANGUAGE_STANDARD = gnu99;
				GCC_VERSION = com.apple.compilers.llvm.clang.1_0;
				GCC_WARN_ABOUT_RETURN_TYPE = YES;
				GCC_WARN_UNINITIALIZED_AUTOS = YES;
				GCC_WARN_UNUSED_VARIABLE = YES;
				IPHONEOS_DEPLOYMENT_TARGET = 5.0;
				OTHER_CFLAGS = "-DNS_BLOCK_ASSERTIONS=1";
				SDKROOT = iphoneos;
				VALIDATE_PRODUCT = YES;
			};
			name = Release;
		};
		43690BE414F1DB2C000BB36D /* Debug */ = {
			isa = XCBuildConfiguration;
			buildSettings = {
				GCC_PRECOMPILE_PREFIX_HEADER = YES;
				GCC_PREFIX_HEADER = "TestingARC/TestingARC-Prefix.pch";
				INFOPLIST_FILE = "TestingARC/TestingARC-Info.plist";
				PRODUCT_NAME = "$(TARGET_NAME)";
				WRAPPER_EXTENSION = app;
			};
			name = Debug;
		};
		43690BE514F1DB2C000BB36D /* Release */ = {
			isa = XCBuildConfiguration;
			buildSettings = {
				GCC_PRECOMPILE_PREFIX_HEADER = YES;
				GCC_PREFIX_HEADER = "TestingARC/TestingARC-Prefix.pch";
				INFOPLIST_FILE = "TestingARC/TestingARC-Info.plist";
				PRODUCT_NAME = "$(TARGET_NAME)";
				WRAPPER_EXTENSION = app;
			};
			name = Release;
		};
/* End XCBuildConfiguration section */

/* Begin XCConfigurationList section */
		43690BC514F1DB2B000BB36D /* Build configuration list for PBXProject "TestingARC" */ = {
			isa = XCConfigurationList;
			buildConfigurations = (
				43690BE114F1DB2C000BB36D /* Debug */,
				43690BE214F1DB2C000BB36D /* Release */,
			);
			defaultConfigurationIsVisible = 0;
			defaultConfigurationName = Release;
		};
		43690BE314F1DB2C000BB36D /* Build configuration list for PBXNativeTarget "TestingARC" */ = {
			isa = XCConfigurationList;
			buildConfigurations = (
				43690BE414F1DB2C000BB36D /* Debug */,
				43690BE514F1DB2C000BB36D /* Release */,
			);
			defaultConfigurationIsVisible = 0;
		};
/* End XCConfigurationList section */
	};
	rootObject = 43690BC214F1DB2B000BB36D /* Project object */;
}
